// !$*UTF8*$!
{
	archiveVersion = 1;
	classes = {
	};
	objectVersion = 51;
	objects = {

/* Begin PBXBuildFile section */
		00EAA13F10F72521E1737D6C /* Pods_MB_test.framework in Frameworks */ = {isa = PBXBuildFile; fileRef = 156DCD5C88AED7DD001AF646 /* Pods_MB_test.framework */; };
		F84CA81B23858B990063DBDE /* AppDelegate.swift in Sources */ = {isa = PBXBuildFile; fileRef = F84CA81A23858B990063DBDE /* AppDelegate.swift */; };
		F84CA82223858B990063DBDE /* Main.storyboard in Resources */ = {isa = PBXBuildFile; fileRef = F84CA82023858B990063DBDE /* Main.storyboard */; };
		F84CA82523858B990063DBDE /* MB_test.xcdatamodeld in Sources */ = {isa = PBXBuildFile; fileRef = F84CA82323858B990063DBDE /* MB_test.xcdatamodeld */; };
		F84CA82723858BA00063DBDE /* Assets.xcassets in Resources */ = {isa = PBXBuildFile; fileRef = F84CA82623858BA00063DBDE /* Assets.xcassets */; };
		F84CA82A23858BA00063DBDE /* LaunchScreen.storyboard in Resources */ = {isa = PBXBuildFile; fileRef = F84CA82823858BA00063DBDE /* LaunchScreen.storyboard */; };
		F84CA83223858D990063DBDE /* SwiftyJSON.framework in Frameworks */ = {isa = PBXBuildFile; fileRef = F84CA83123858D990063DBDE /* SwiftyJSON.framework */; };
		F84DCDEC238B001100CD3BDF /* DetailInfoVC.swift in Sources */ = {isa = PBXBuildFile; fileRef = F84DCDEB238B001100CD3BDF /* DetailInfoVC.swift */; };
		F856F4A92386EFDD0057A986 /* Person.swift in Sources */ = {isa = PBXBuildFile; fileRef = F856F4A82386EFDD0057A986 /* Person.swift */; };
		F856F4AB23870C1E0057A986 /* PersonsTableVC.swift in Sources */ = {isa = PBXBuildFile; fileRef = F856F4AA23870C1E0057A986 /* PersonsTableVC.swift */; };
		F856F4AE23871FE00057A986 /* DataModel.swift in Sources */ = {isa = PBXBuildFile; fileRef = F856F4AD23871FE00057A986 /* DataModel.swift */; };
/* End PBXBuildFile section */

/* Begin PBXFileReference section */
		156DCD5C88AED7DD001AF646 /* Pods_MB_test.framework */ = {isa = PBXFileReference; explicitFileType = wrapper.framework; includeInIndex = 0; path = Pods_MB_test.framework; sourceTree = BUILT_PRODUCTS_DIR; };
		4D9C476F3297C0DA71015278 /* Pods-MB_test.release.xcconfig */ = {isa = PBXFileReference; includeInIndex = 1; lastKnownFileType = text.xcconfig; name = "Pods-MB_test.release.xcconfig"; path = "Target Support Files/Pods-MB_test/Pods-MB_test.release.xcconfig"; sourceTree = "<group>"; };
		F84CA81723858B990063DBDE /* MB_test.app */ = {isa = PBXFileReference; explicitFileType = wrapper.application; includeInIndex = 0; path = MB_test.app; sourceTree = BUILT_PRODUCTS_DIR; };
		F84CA81A23858B990063DBDE /* AppDelegate.swift */ = {isa = PBXFileReference; lastKnownFileType = sourcecode.swift; path = AppDelegate.swift; sourceTree = "<group>"; };
		F84CA82123858B990063DBDE /* Base */ = {isa = PBXFileReference; lastKnownFileType = file.storyboard; name = Base; path = Base.lproj/Main.storyboard; sourceTree = "<group>"; };
		F84CA82423858B990063DBDE /* MB_test.xcdatamodel */ = {isa = PBXFileReference; lastKnownFileType = wrapper.xcdatamodel; path = MB_test.xcdatamodel; sourceTree = "<group>"; };
		F84CA82623858BA00063DBDE /* Assets.xcassets */ = {isa = PBXFileReference; lastKnownFileType = folder.assetcatalog; path = Assets.xcassets; sourceTree = "<group>"; };
		F84CA82923858BA00063DBDE /* Base */ = {isa = PBXFileReference; lastKnownFileType = file.storyboard; name = Base; path = Base.lproj/LaunchScreen.storyboard; sourceTree = "<group>"; };
		F84CA82B23858BA00063DBDE /* Info.plist */ = {isa = PBXFileReference; lastKnownFileType = text.plist.xml; path = Info.plist; sourceTree = "<group>"; };
		F84CA83123858D990063DBDE /* SwiftyJSON.framework */ = {isa = PBXFileReference; explicitFileType = wrapper.framework; path = SwiftyJSON.framework; sourceTree = BUILT_PRODUCTS_DIR; };
		F84DCDEB238B001100CD3BDF /* DetailInfoVC.swift */ = {isa = PBXFileReference; lastKnownFileType = sourcecode.swift; path = DetailInfoVC.swift; sourceTree = "<group>"; };
		F856F4A82386EFDD0057A986 /* Person.swift */ = {isa = PBXFileReference; lastKnownFileType = sourcecode.swift; path = Person.swift; sourceTree = "<group>"; };
		F856F4AA23870C1E0057A986 /* PersonsTableVC.swift */ = {isa = PBXFileReference; lastKnownFileType = sourcecode.swift; path = PersonsTableVC.swift; sourceTree = "<group>"; };
		F856F4AD23871FE00057A986 /* DataModel.swift */ = {isa = PBXFileReference; lastKnownFileType = sourcecode.swift; path = DataModel.swift; sourceTree = "<group>"; };
		F94175D775CFB8334950CF24 /* Pods-MB_test.debug.xcconfig */ = {isa = PBXFileReference; includeInIndex = 1; lastKnownFileType = text.xcconfig; name = "Pods-MB_test.debug.xcconfig"; path = "Target Support Files/Pods-MB_test/Pods-MB_test.debug.xcconfig"; sourceTree = "<group>"; };
/* End PBXFileReference section */

/* Begin PBXFrameworksBuildPhase section */
		F84CA81423858B990063DBDE /* Frameworks */ = {
			isa = PBXFrameworksBuildPhase;
			buildActionMask = 2147483647;
			files = (
				F84CA83223858D990063DBDE /* SwiftyJSON.framework in Frameworks */,
				00EAA13F10F72521E1737D6C /* Pods_MB_test.framework in Frameworks */,
			);
			runOnlyForDeploymentPostprocessing = 0;
		};
/* End PBXFrameworksBuildPhase section */

/* Begin PBXGroup section */
		2225D9E98EDF9AD1F11A17EE /* Pods */ = {
			isa = PBXGroup;
			children = (
				F94175D775CFB8334950CF24 /* Pods-MB_test.debug.xcconfig */,
				4D9C476F3297C0DA71015278 /* Pods-MB_test.release.xcconfig */,
			);
			path = Pods;
			sourceTree = "<group>";
		};
		6179E133A6BB516B1A753A36 /* Frameworks */ = {
			isa = PBXGroup;
			children = (
				F84CA83123858D990063DBDE /* SwiftyJSON.framework */,
				156DCD5C88AED7DD001AF646 /* Pods_MB_test.framework */,
			);
			name = Frameworks;
			sourceTree = "<group>";
		};
		F8249317238C45C000F11925 /* VC */ = {
			isa = PBXGroup;
			children = (
				F856F4AA23870C1E0057A986 /* PersonsTableVC.swift */,
				F84DCDEB238B001100CD3BDF /* DetailInfoVC.swift */,
			);
			path = VC;
			sourceTree = "<group>";
		};
		F84CA80E23858B990063DBDE = {
			isa = PBXGroup;
			children = (
				F84CA81923858B990063DBDE /* MB_test */,
				F84CA81823858B990063DBDE /* Products */,
				2225D9E98EDF9AD1F11A17EE /* Pods */,
				6179E133A6BB516B1A753A36 /* Frameworks */,
			);
			sourceTree = "<group>";
		};
		F84CA81823858B990063DBDE /* Products */ = {
			isa = PBXGroup;
			children = (
				F84CA81723858B990063DBDE /* MB_test.app */,
			);
			name = Products;
			sourceTree = "<group>";
		};
		F84CA81923858B990063DBDE /* MB_test */ = {
			isa = PBXGroup;
			children = (
				F84CA81A23858B990063DBDE /* AppDelegate.swift */,
				F84CA82023858B990063DBDE /* Main.storyboard */,
				F84CA82623858BA00063DBDE /* Assets.xcassets */,
				F84CA82823858BA00063DBDE /* LaunchScreen.storyboard */,
				F84CA82B23858BA00063DBDE /* Info.plist */,
				F84CA82323858B990063DBDE /* MB_test.xcdatamodeld */,
				F856F4AC23871F090057A986 /* DataModel */,
				F8249317238C45C000F11925 /* VC */,
			);
			path = MB_test;
			sourceTree = "<group>";
		};
		F856F4AC23871F090057A986 /* DataModel */ = {
			isa = PBXGroup;
			children = (
				F856F4A82386EFDD0057A986 /* Person.swift */,
				F856F4AD23871FE00057A986 /* DataModel.swift */,
			);
			path = DataModel;
			sourceTree = "<group>";
		};
/* End PBXGroup section */

/* Begin PBXNativeTarget section */
		F84CA81623858B990063DBDE /* MB_test */ = {
			isa = PBXNativeTarget;
			buildConfigurationList = F84CA82E23858BA00063DBDE /* Build configuration list for PBXNativeTarget "MB_test" */;
			buildPhases = (
				65B0065DB9D2DAF231D42800 /* [CP] Check Pods Manifest.lock */,
				F84CA81323858B990063DBDE /* Sources */,
				F84CA81423858B990063DBDE /* Frameworks */,
				F84CA81523858B990063DBDE /* Resources */,
				D0EA0998AB017897DB116DFC /* [CP] Embed Pods Frameworks */,
			);
			buildRules = (
			);
			dependencies = (
			);
			name = MB_test;
			productName = MB_test;
			productReference = F84CA81723858B990063DBDE /* MB_test.app */;
			productType = "com.apple.product-type.application";
		};
/* End PBXNativeTarget section */

/* Begin PBXProject section */
		F84CA80F23858B990063DBDE /* Project object */ = {
			isa = PBXProject;
			attributes = {
				LastSwiftUpdateCheck = 1120;
				LastUpgradeCheck = 1120;
				ORGANIZATIONNAME = Zayd;
				TargetAttributes = {
					F84CA81623858B990063DBDE = {
						CreatedOnToolsVersion = 11.2.1;
					};
				};
			};
			buildConfigurationList = F84CA81223858B990063DBDE /* Build configuration list for PBXProject "MB_test" */;
			compatibilityVersion = "Xcode 9.3";
			developmentRegion = en;
			hasScannedForEncodings = 0;
			knownRegions = (
				en,
				Base,
			);
			mainGroup = F84CA80E23858B990063DBDE;
			productRefGroup = F84CA81823858B990063DBDE /* Products */;
			projectDirPath = "";
			projectRoot = "";
			targets = (
				F84CA81623858B990063DBDE /* MB_test */,
			);
		};
/* End PBXProject section */

/* Begin PBXResourcesBuildPhase section */
		F84CA81523858B990063DBDE /* Resources */ = {
			isa = PBXResourcesBuildPhase;
			buildActionMask = 2147483647;
			files = (
				F84CA82A23858BA00063DBDE /* LaunchScreen.storyboard in Resources */,
				F84CA82723858BA00063DBDE /* Assets.xcassets in Resources */,
				F84CA82223858B990063DBDE /* Main.storyboard in Resources */,
			);
			runOnlyForDeploymentPostprocessing = 0;
		};
/* End PBXResourcesBuildPhase section */

/* Begin PBXShellScriptBuildPhase section */
		65B0065DB9D2DAF231D42800 /* [CP] Check Pods Manifest.lock */ = {
			isa = PBXShellScriptBuildPhase;
			buildActionMask = 2147483647;
			files = (
			);
			inputFileListPaths = (
			);
			inputPaths = (
				"${PODS_PODFILE_DIR_PATH}/Podfile.lock",
				"${PODS_ROOT}/Manifest.lock",
			);
			name = "[CP] Check Pods Manifest.lock";
			outputFileListPaths = (
			);
			outputPaths = (
				"$(DERIVED_FILE_DIR)/Pods-MB_test-checkManifestLockResult.txt",
			);
			runOnlyForDeploymentPostprocessing = 0;
			shellPath = /bin/sh;
			shellScript = "diff \"${PODS_PODFILE_DIR_PATH}/Podfile.lock\" \"${PODS_ROOT}/Manifest.lock\" > /dev/null\nif [ $? != 0 ] ; then\n    # print error to STDERR\n    echo \"error: The sandbox is not in sync with the Podfile.lock. Run 'pod install' or update your CocoaPods installation.\" >&2\n    exit 1\nfi\n# This output is used by Xcode 'outputs' to avoid re-running this script phase.\necho \"SUCCESS\" > \"${SCRIPT_OUTPUT_FILE_0}\"\n";
			showEnvVarsInLog = 0;
		};
		D0EA0998AB017897DB116DFC /* [CP] Embed Pods Frameworks */ = {
			isa = PBXShellScriptBuildPhase;
			buildActionMask = 2147483647;
			files = (
			);
			inputFileListPaths = (
				"${PODS_ROOT}/Target Support Files/Pods-MB_test/Pods-MB_test-frameworks-${CONFIGURATION}-input-files.xcfilelist",
			);
			name = "[CP] Embed Pods Frameworks";
			outputFileListPaths = (
				"${PODS_ROOT}/Target Support Files/Pods-MB_test/Pods-MB_test-frameworks-${CONFIGURATION}-output-files.xcfilelist",
			);
			runOnlyForDeploymentPostprocessing = 0;
			shellPath = /bin/sh;
			shellScript = "\"${PODS_ROOT}/Target Support Files/Pods-MB_test/Pods-MB_test-frameworks.sh\"\n";
			showEnvVarsInLog = 0;
		};
/* End PBXShellScriptBuildPhase section */

/* Begin PBXSourcesBuildPhase section */
		F84CA81323858B990063DBDE /* Sources */ = {
			isa = PBXSourcesBuildPhase;
			buildActionMask = 2147483647;
			files = (
				F84CA81B23858B990063DBDE /* AppDelegate.swift in Sources */,
				F856F4A92386EFDD0057A986 /* Person.swift in Sources */,
				F856F4AB23870C1E0057A986 /* PersonsTableVC.swift in Sources */,
				F84CA82523858B990063DBDE /* MB_test.xcdatamodeld in Sources */,
				F84DCDEC238B001100CD3BDF /* DetailInfoVC.swift in Sources */,
				F856F4AE23871FE00057A986 /* DataModel.swift in Sources */,
			);
			runOnlyForDeploymentPostprocessing = 0;
		};
/* End PBXSourcesBuildPhase section */

/* Begin PBXVariantGroup section */
		F84CA82023858B990063DBDE /* Main.storyboard */ = {
			isa = PBXVariantGroup;
			children = (
				F84CA82123858B990063DBDE /* Base */,
			);
			name = Main.storyboard;
			sourceTree = "<group>";
		};
		F84CA82823858BA00063DBDE /* LaunchScreen.storyboard */ = {
			isa = PBXVariantGroup;
			children = (
				F84CA82923858BA00063DBDE /* Base */,
			);
			name = LaunchScreen.storyboard;
			sourceTree = "<group>";
		};
/* End PBXVariantGroup section */

/* Begin XCBuildConfiguration section */
		F84CA82C23858BA00063DBDE /* Debug */ = {
			isa = XCBuildConfiguration;
			buildSettings = {
				ALWAYS_SEARCH_USER_PATHS = NO;
				CLANG_ANALYZER_NONNULL = YES;
				CLANG_ANALYZER_NUMBER_OBJECT_CONVERSION = YES_AGGRESSIVE;
				CLANG_CXX_LANGUAGE_STANDARD = "gnu++14";
				CLANG_CXX_LIBRARY = "libc++";
				CLANG_ENABLE_MODULES = YES;
				CLANG_ENABLE_OBJC_ARC = YES;
				CLANG_ENABLE_OBJC_WEAK = YES;
				CLANG_WARN_BLOCK_CAPTURE_AUTORELEASING = YES;
				CLANG_WARN_BOOL_CONVERSION = YES;
				CLANG_WARN_COMMA = YES;
				CLANG_WARN_CONSTANT_CONVERSION = YES;
				CLANG_WARN_DEPRECATED_OBJC_IMPLEMENTATIONS = YES;
				CLANG_WARN_DIRECT_OBJC_ISA_USAGE = YES_ERROR;
				CLANG_WARN_DOCUMENTATION_COMMENTS = YES;
				CLANG_WARN_EMPTY_BODY = YES;
				CLANG_WARN_ENUM_CONVERSION = YES;
				CLANG_WARN_INFINITE_RECURSION = YES;
				CLANG_WARN_INT_CONVERSION = YES;
				CLANG_WARN_NON_LITERAL_NULL_CONVERSION = YES;
				CLANG_WARN_OBJC_IMPLICIT_RETAIN_SELF = YES;
				CLANG_WARN_OBJC_LITERAL_CONVERSION = YES;
				CLANG_WARN_OBJC_ROOT_CLASS = YES_ERROR;
				CLANG_WARN_RANGE_LOOP_ANALYSIS = YES;
				CLANG_WARN_STRICT_PROTOTYPES = YES;
				CLANG_WARN_SUSPICIOUS_MOVE = YES;
				CLANG_WARN_UNGUARDED_AVAILABILITY = YES_AGGRESSIVE;
				CLANG_WARN_UNREACHABLE_CODE = YES;
				CLANG_WARN__DUPLICATE_METHOD_MATCH = YES;
				COPY_PHASE_STRIP = NO;
				DEBUG_INFORMATION_FORMAT = dwarf;
				ENABLE_STRICT_OBJC_MSGSEND = YES;
				ENABLE_TESTABILITY = YES;
				GCC_C_LANGUAGE_STANDARD = gnu11;
				GCC_DYNAMIC_NO_PIC = NO;
				GCC_NO_COMMON_BLOCKS = YES;
				GCC_OPTIMIZATION_LEVEL = 0;
				GCC_PREPROCESSOR_DEFINITIONS = (
					"DEBUG=1",
					"$(inherited)",
				);
				GCC_WARN_64_TO_32_BIT_CONVERSION = YES;
				GCC_WARN_ABOUT_RETURN_TYPE = YES_ERROR;
				GCC_WARN_UNDECLARED_SELECTOR = YES;
				GCC_WARN_UNINITIALIZED_AUTOS = YES_AGGRESSIVE;
				GCC_WARN_UNUSED_FUNCTION = YES;
				GCC_WARN_UNUSED_VARIABLE = YES;
				IPHONEOS_DEPLOYMENT_TARGET = 12.4;
				MTL_ENABLE_DEBUG_INFO = INCLUDE_SOURCE;
				MTL_FAST_MATH = YES;
				ONLY_ACTIVE_ARCH = YES;
				SDKROOT = iphoneos;
				SWIFT_ACTIVE_COMPILATION_CONDITIONS = DEBUG;
				SWIFT_OPTIMIZATION_LEVEL = "-Onone";
			};
			name = Debug;
		};
		F84CA82D23858BA00063DBDE /* Release */ = {
			isa = XCBuildConfiguration;
			buildSettings = {
				ALWAYS_SEARCH_USER_PATHS = NO;
				CLANG_ANALYZER_NONNULL = YES;
				CLANG_ANALYZER_NUMBER_OBJECT_CONVERSION = YES_AGGRESSIVE;
				CLANG_CXX_LANGUAGE_STANDARD = "gnu++14";
				CLANG_CXX_LIBRARY = "libc++";
				CLANG_ENABLE_MODULES = YES;
				CLANG_ENABLE_OBJC_ARC = YES;
				CLANG_ENABLE_OBJC_WEAK = YES;
				CLANG_WARN_BLOCK_CAPTURE_AUTORELEASING = YES;
				CLANG_WARN_BOOL_CONVERSION = YES;
				CLANG_WARN_COMMA = YES;
				CLANG_WARN_CONSTANT_CONVERSION = YES;
				CLANG_WARN_DEPRECATED_OBJC_IMPLEMENTATIONS = YES;
				CLANG_WARN_DIRECT_OBJC_ISA_USAGE = YES_ERROR;
				CLANG_WARN_DOCUMENTATION_COMMENTS = YES;
				CLANG_WARN_EMPTY_BODY = YES;
				CLANG_WARN_ENUM_CONVERSION = YES;
				CLANG_WARN_INFINITE_RECURSION = YES;
				CLANG_WARN_INT_CONVERSION = YES;
				CLANG_WARN_NON_LITERAL_NULL_CONVERSION = YES;
				CLANG_WARN_OBJC_IMPLICIT_RETAIN_SELF = YES;
				CLANG_WARN_OBJC_LITERAL_CONVERSION = YES;
				CLANG_WARN_OBJC_ROOT_CLASS = YES_ERROR;
				CLANG_WARN_RANGE_LOOP_ANALYSIS = YES;
				CLANG_WARN_STRICT_PROTOTYPES = YES;
				CLANG_WARN_SUSPICIOUS_MOVE = YES;
				CLANG_WARN_UNGUARDED_AVAILABILITY = YES_AGGRESSIVE;
				CLANG_WARN_UNREACHABLE_CODE = YES;
				CLANG_WARN__DUPLICATE_METHOD_MATCH = YES;
				COPY_PHASE_STRIP = NO;
				DEBUG_INFORMATION_FORMAT = "dwarf-with-dsym";
				ENABLE_NS_ASSERTIONS = NO;
				ENABLE_STRICT_OBJC_MSGSEND = YES;
				GCC_C_LANGUAGE_STANDARD = gnu11;
				GCC_NO_COMMON_BLOCKS = YES;
				GCC_WARN_64_TO_32_BIT_CONVERSION = YES;
				GCC_WARN_ABOUT_RETURN_TYPE = YES_ERROR;
				GCC_WARN_UNDECLARED_SELECTOR = YES;
				GCC_WARN_UNINITIALIZED_AUTOS = YES_AGGRESSIVE;
				GCC_WARN_UNUSED_FUNCTION = YES;
				GCC_WARN_UNUSED_VARIABLE = YES;
				IPHONEOS_DEPLOYMENT_TARGET = 12.4;
				MTL_ENABLE_DEBUG_INFO = NO;
				MTL_FAST_MATH = YES;
				SDKROOT = iphoneos;
				SWIFT_COMPILATION_MODE = wholemodule;
				SWIFT_OPTIMIZATION_LEVEL = "-O";
				VALIDATE_PRODUCT = YES;
			};
			name = Release;
		};
		F84CA82F23858BA00063DBDE /* Debug */ = {
			isa = XCBuildConfiguration;
			baseConfigurationReference = F94175D775CFB8334950CF24 /* Pods-MB_test.debug.xcconfig */;
			buildSettings = {
				ASSETCATALOG_COMPILER_APPICON_NAME = AppIcon;
				CODE_SIGN_STYLE = Automatic;
				DEVELOPMENT_TEAM = U24V8LA3BS;
				INFOPLIST_FILE = MB_test/Info.plist;
				LD_RUNPATH_SEARCH_PATHS = (
					"$(inherited)",
					"@executable_path/Frameworks",
				);
				PRODUCT_BUNDLE_IDENTIFIER = "BigDude6.MB-test";
				PRODUCT_NAME = "$(TARGET_NAME)";
				SWIFT_VERSION = 5.0;
				TARGETED_DEVICE_FAMILY = "1,2";
			};
			name = Debug;
		};
		F84CA83023858BA00063DBDE /* Release */ = {
			isa = XCBuildConfiguration;
			baseConfigurationReference = 4D9C476F3297C0DA71015278 /* Pods-MB_test.release.xcconfig */;
			buildSettings = {
				ASSETCATALOG_COMPILER_APPICON_NAME = AppIcon;
				CODE_SIGN_STYLE = Automatic;
				DEVELOPMENT_TEAM = U24V8LA3BS;
				INFOPLIST_FILE = MB_test/Info.plist;
				LD_RUNPATH_SEARCH_PATHS = (
					"$(inherited)",
					"@executable_path/Frameworks",
				);
				PRODUCT_BUNDLE_IDENTIFIER = "BigDude6.MB-test";
				PRODUCT_NAME = "$(TARGET_NAME)";
				SWIFT_VERSION = 5.0;
				TARGETED_DEVICE_FAMILY = "1,2";
			};
			name = Release;
		};
/* End XCBuildConfiguration section */

/* Begin XCConfigurationList section */
		F84CA81223858B990063DBDE /* Build configuration list for PBXProject "MB_test" */ = {
			isa = XCConfigurationList;
			buildConfigurations = (
				F84CA82C23858BA00063DBDE /* Debug */,
				F84CA82D23858BA00063DBDE /* Release */,
			);
			defaultConfigurationIsVisible = 0;
			defaultConfigurationName = Release;
		};
		F84CA82E23858BA00063DBDE /* Build configuration list for PBXNativeTarget "MB_test" */ = {
			isa = XCConfigurationList;
			buildConfigurations = (
				F84CA82F23858BA00063DBDE /* Debug */,
				F84CA83023858BA00063DBDE /* Release */,
			);
			defaultConfigurationIsVisible = 0;
			defaultConfigurationName = Release;
		};
/* End XCConfigurationList section */

/* Begin XCVersionGroup section */
		F84CA82323858B990063DBDE /* MB_test.xcdatamodeld */ = {
			isa = XCVersionGroup;
			children = (
				F84CA82423858B990063DBDE /* MB_test.xcdatamodel */,
			);
			currentVersion = F84CA82423858B990063DBDE /* MB_test.xcdatamodel */;
			path = MB_test.xcdatamodeld;
			sourceTree = "<group>";
			versionGroupType = wrapper.xcdatamodel;
		};
/* End XCVersionGroup section */
	};
	rootObject = F84CA80F23858B990063DBDE /* Project object */;
}
